
Microsoft Visual Studio Solution File, Format Version 12.00
# Visual Studio Version 16
VisualStudioVersion = 16.0.29123.88
MinimumVisualStudioVersion = 10.0.40219.1
Project("{9A19103F-16F7-4668-BE54-9A1E7A4F7556}") = "ExtensionMethods.Shared", "ExtensionMethods.Shared\ExtensionMethods.Shared.csproj", "{591EE19C-B2AA-46CE-9211-5F2D0665CAB3}"
EndProject
Project("{9A19103F-16F7-4668-BE54-9A1E7A4F7556}") = "ExtensionMethods.Tests", "ExtensionMethods.Shared.Tests\ExtensionMethods.Tests.csproj", "{B35BD4D2-8B7F-441D-A776-AB3A79487095}"
EndProject
Project("{2150E333-8FDC-42A3-9474-1A3956D46DE8}") = "Demo1", "Demo1", "{242D5A31-BE69-447A-BFC2-0A322AE8CA38}"
EndProject
Project("{9A19103F-16F7-4668-BE54-9A1E7A4F7556}") = "ExtensionMethods.Contracts", "ExtensionMethods.Contracts\ExtensionMethods.Contracts.csproj", "{28737F77-939B-4C15-B0FA-450292073E3C}"
EndProject
Project("{2150E333-8FDC-42A3-9474-1A3956D46DE8}") = "Demo2", "Demo2", "{73208B20-6797-4C46-B6EE-D33BF758E21D}"
EndProject
Project("{9A19103F-16F7-4668-BE54-9A1E7A4F7556}") = "Org.Messaging", "Org.Messaging\Org.Messaging.csproj", "{4337BD18-99BF-468B-A448-A4693B8A52E0}"
EndProject
Project("{9A19103F-16F7-4668-BE54-9A1E7A4F7556}") = "Org.Extensions.Messaging", "Org.Extensions.Messaging\Org.Extensions.Messaging.csproj", "{95C93223-9573-48F2-9836-8F23C2FC4EEF}"
EndProject
Project("{9A19103F-16F7-4668-BE54-9A1E7A4F7556}") = "Org.Messaging.Tests", "Org.Messaging.Tests\Org.Messaging.Tests.csproj", "{043079D5-493F-4C88-ADFB-396A12E5632D}"
EndProject
Project("{2150E333-8FDC-42A3-9474-1A3956D46DE8}") = "Extensions", "Extensions", "{DAE20BBA-7DD8-4A15-9D36-6411D4226713}"
EndProject
Project("{2150E333-8FDC-42A3-9474-1A3956D46DE8}") = "Tests", "Tests", "{208E2C54-8B4B-489D-9F98-FEF5561EA396}"
EndProject
Project("{2150E333-8FDC-42A3-9474-1A3956D46DE8}") = "Common", "Common", "{825BB304-B711-463A-BC21-6E7EE1A71CA0}"
EndProject
Project("{9A19103F-16F7-4668-BE54-9A1E7A4F7556}") = "Org.Extensions.Environment", "Org.Extensions.Environment\Org.Extensions.Environment.csproj", "{32DEB1CD-BF0B-40C9-AD40-59140CF129F6}"
EndProject
Project("{2150E333-8FDC-42A3-9474-1A3956D46DE8}") = "Demo3", "Demo3", "{D3258333-AD36-4C7B-AAC6-E14716EAEAA6}"
EndProject
Project("{9A19103F-16F7-4668-BE54-9A1E7A4F7556}") = "PublicPackages.Tests", "PublicPackages.Tests\PublicPackages.Tests.csproj", "{AE4BB795-69D2-4597-A2E0-92C01D0F0BA5}"
EndProject
Project("{FAE04EC0-301F-11D3-BF4B-00C04F79EFBC}") = "ConsoleApp2", "ConsoleApp2\ConsoleApp2.csproj", "{68FEEE90-1334-4360-8B62-89772D7889E4}"
EndProject
Global
	GlobalSection(SolutionConfigurationPlatforms) = preSolution
		Debug|Any CPU = Debug|Any CPU
		Release|Any CPU = Release|Any CPU
	EndGlobalSection
	GlobalSection(ProjectConfigurationPlatforms) = postSolution
		{591EE19C-B2AA-46CE-9211-5F2D0665CAB3}.Debug|Any CPU.ActiveCfg = Debug|Any CPU
		{591EE19C-B2AA-46CE-9211-5F2D0665CAB3}.Debug|Any CPU.Build.0 = Debug|Any CPU
		{591EE19C-B2AA-46CE-9211-5F2D0665CAB3}.Release|Any CPU.ActiveCfg = Release|Any CPU
		{591EE19C-B2AA-46CE-9211-5F2D0665CAB3}.Release|Any CPU.Build.0 = Release|Any CPU
		{B35BD4D2-8B7F-441D-A776-AB3A79487095}.Debug|Any CPU.ActiveCfg = Debug|Any CPU
		{B35BD4D2-8B7F-441D-A776-AB3A79487095}.Debug|Any CPU.Build.0 = Debug|Any CPU
		{B35BD4D2-8B7F-441D-A776-AB3A79487095}.Release|Any CPU.ActiveCfg = Release|Any CPU
		{B35BD4D2-8B7F-441D-A776-AB3A79487095}.Release|Any CPU.Build.0 = Release|Any CPU
		{28737F77-939B-4C15-B0FA-450292073E3C}.Debug|Any CPU.ActiveCfg = Debug|Any CPU
		{28737F77-939B-4C15-B0FA-450292073E3C}.Debug|Any CPU.Build.0 = Debug|Any CPU
		{28737F77-939B-4C15-B0FA-450292073E3C}.Release|Any CPU.ActiveCfg = Release|Any CPU
		{28737F77-939B-4C15-B0FA-450292073E3C}.Release|Any CPU.Build.0 = Release|Any CPU
		{4337BD18-99BF-468B-A448-A4693B8A52E0}.Debug|Any CPU.ActiveCfg = Debug|Any CPU
		{4337BD18-99BF-468B-A448-A4693B8A52E0}.Debug|Any CPU.Build.0 = Debug|Any CPU
		{4337BD18-99BF-468B-A448-A4693B8A52E0}.Release|Any CPU.ActiveCfg = Release|Any CPU
		{4337BD18-99BF-468B-A448-A4693B8A52E0}.Release|Any CPU.Build.0 = Release|Any CPU
		{95C93223-9573-48F2-9836-8F23C2FC4EEF}.Debug|Any CPU.ActiveCfg = Debug|Any CPU
		{95C93223-9573-48F2-9836-8F23C2FC4EEF}.Debug|Any CPU.Build.0 = Debug|Any CPU
		{95C93223-9573-48F2-9836-8F23C2FC4EEF}.Release|Any CPU.ActiveCfg = Release|Any CPU
		{95C93223-9573-48F2-9836-8F23C2FC4EEF}.Release|Any CPU.Build.0 = Release|Any CPU
		{043079D5-493F-4C88-ADFB-396A12E5632D}.Debug|Any CPU.ActiveCfg = Debug|Any CPU
		{043079D5-493F-4C88-ADFB-396A12E5632D}.Debug|Any CPU.Build.0 = Debug|Any CPU
		{043079D5-493F-4C88-ADFB-396A12E5632D}.Release|Any CPU.ActiveCfg = Release|Any CPU
		{043079D5-493F-4C88-ADFB-396A12E5632D}.Release|Any CPU.Build.0 = Release|Any CPU
		{32DEB1CD-BF0B-40C9-AD40-59140CF129F6}.Debug|Any CPU.ActiveCfg = Debug|Any CPU
		{32DEB1CD-BF0B-40C9-AD40-59140CF129F6}.Debug|Any CPU.Build.0 = Debug|Any CPU
		{32DEB1CD-BF0B-40C9-AD40-59140CF129F6}.Release|Any CPU.ActiveCfg = Release|Any CPU
		{32DEB1CD-BF0B-40C9-AD40-59140CF129F6}.Release|Any CPU.Build.0 = Release|Any CPU
		{AE4BB795-69D2-4597-A2E0-92C01D0F0BA5}.Debug|Any CPU.ActiveCfg = Debug|Any CPU
		{AE4BB795-69D2-4597-A2E0-92C01D0F0BA5}.Debug|Any CPU.Build.0 = Debug|Any CPU
		{AE4BB795-69D2-4597-A2E0-92C01D0F0BA5}.Release|Any CPU.ActiveCfg = Release|Any CPU
		{AE4BB795-69D2-4597-A2E0-92C01D0F0BA5}.Release|Any CPU.Build.0 = Release|Any CPU
		{68FEEE90-1334-4360-8B62-89772D7889E4}.Debug|Any CPU.ActiveCfg = Debug|Any CPU
		{68FEEE90-1334-4360-8B62-89772D7889E4}.Debug|Any CPU.Build.0 = Debug|Any CPU
		{68FEEE90-1334-4360-8B62-89772D7889E4}.Release|Any CPU.ActiveCfg = Release|Any CPU
		{68FEEE90-1334-4360-8B62-89772D7889E4}.Release|Any CPU.Build.0 = Release|Any CPU
	EndGlobalSection
	GlobalSection(SolutionProperties) = preSolution
		HideSolutionNode = FALSE
	EndGlobalSection
	GlobalSection(NestedProjects) = preSolution
		{591EE19C-B2AA-46CE-9211-5F2D0665CAB3} = {242D5A31-BE69-447A-BFC2-0A322AE8CA38}
		{B35BD4D2-8B7F-441D-A776-AB3A79487095} = {242D5A31-BE69-447A-BFC2-0A322AE8CA38}
		{28737F77-939B-4C15-B0FA-450292073E3C} = {242D5A31-BE69-447A-BFC2-0A322AE8CA38}
		{4337BD18-99BF-468B-A448-A4693B8A52E0} = {825BB304-B711-463A-BC21-6E7EE1A71CA0}
		{95C93223-9573-48F2-9836-8F23C2FC4EEF} = {DAE20BBA-7DD8-4A15-9D36-6411D4226713}
		{043079D5-493F-4C88-ADFB-396A12E5632D} = {208E2C54-8B4B-489D-9F98-FEF5561EA396}
		{DAE20BBA-7DD8-4A15-9D36-6411D4226713} = {73208B20-6797-4C46-B6EE-D33BF758E21D}
		{208E2C54-8B4B-489D-9F98-FEF5561EA396} = {73208B20-6797-4C46-B6EE-D33BF758E21D}
		{825BB304-B711-463A-BC21-6E7EE1A71CA0} = {73208B20-6797-4C46-B6EE-D33BF758E21D}
		{32DEB1CD-BF0B-40C9-AD40-59140CF129F6} = {DAE20BBA-7DD8-4A15-9D36-6411D4226713}
		{AE4BB795-69D2-4597-A2E0-92C01D0F0BA5} = {D3258333-AD36-4C7B-AAC6-E14716EAEAA6}
		{68FEEE90-1334-4360-8B62-89772D7889E4} = {242D5A31-BE69-447A-BFC2-0A322AE8CA38}
	EndGlobalSection
	GlobalSection(ExtensibilityGlobals) = postSolution
		SolutionGuid = {8A106A12-8B82-4144-B6C5-57FB9DED897D}
	EndGlobalSection
EndGlobal
